
Microsoft Visual Studio Solution File, Format Version 12.00
# Visual Studio Version 16
VisualStudioVersion = 16.0.29326.143
MinimumVisualStudioVersion = 10.0.40219.1
Project("{FAE04EC0-301F-11D3-BF4B-00C04F79EFBC}") = "k163680_Q1", "k163680_Q1\k163680_Q1.csproj", "{BB5EE422-2A1B-42EA-85A7-3592C17E3D33}"
EndProject
Project("{FAE04EC0-301F-11D3-BF4B-00C04F79EFBC}") = "k163680_Q4", "k163680_Q4\k163680_Q4.csproj", "{57D404BA-C94D-478F-A607-FC0E45952CEC}"
EndProject
Project("{FAE04EC0-301F-11D3-BF4B-00C04F79EFBC}") = "k163680_Q6", "k163680_Q6\k163680_Q6.csproj", "{B7F28970-3E66-457B-A735-F518EE423BE9}"
EndProject
Project("{FAE04EC0-301F-11D3-BF4B-00C04F79EFBC}") = "k163680_Q2", "k163680_Q2\k163680_Q2.csproj", "{2102C13F-1DE8-4E2D-9CAC-FB74BB4A6E88}"
EndProject
Project("{FAE04EC0-301F-11D3-BF4B-00C04F79EFBC}") = "k163680_Q3", "k163680_Q3\k163680_Q3.csproj", "{4F49F09A-789A-4AEB-ACCE-D4040F9648C6}"
EndProject
Project("{FAE04EC0-301F-11D3-BF4B-00C04F79EFBC}") = "k163680_Q5", "k163680_Q5\k163680_Q5.csproj", "{868FF619-8EB8-4660-810F-C75ED1C8FC6F}"
EndProject
Global
	GlobalSection(SolutionConfigurationPlatforms) = preSolution
		Debug|Any CPU = Debug|Any CPU
		Release|Any CPU = Release|Any CPU
	EndGlobalSection
	GlobalSection(ProjectConfigurationPlatforms) = postSolution
		{BB5EE422-2A1B-42EA-85A7-3592C17E3D33}.Debug|Any CPU.ActiveCfg = Debug|Any CPU
		{BB5EE422-2A1B-42EA-85A7-3592C17E3D33}.Debug|Any CPU.Build.0 = Debug|Any CPU
		{BB5EE422-2A1B-42EA-85A7-3592C17E3D33}.Release|Any CPU.ActiveCfg = Release|Any CPU
		{BB5EE422-2A1B-42EA-85A7-3592C17E3D33}.Release|Any CPU.Build.0 = Release|Any CPU
		{57D404BA-C94D-478F-A607-FC0E45952CEC}.Debug|Any CPU.ActiveCfg = Debug|Any CPU
		{57D404BA-C94D-478F-A607-FC0E45952CEC}.Debug|Any CPU.Build.0 = Debug|Any CPU
		{57D404BA-C94D-478F-A607-FC0E45952CEC}.Release|Any CPU.ActiveCfg = Release|Any CPU
		{57D404BA-C94D-478F-A607-FC0E45952CEC}.Release|Any CPU.Build.0 = Release|Any CPU
		{B7F28970-3E66-457B-A735-F518EE423BE9}.Debug|Any CPU.ActiveCfg = Debug|Any CPU
		{B7F28970-3E66-457B-A735-F518EE423BE9}.Debug|Any CPU.Build.0 = Debug|Any CPU
		{B7F28970-3E66-457B-A735-F518EE423BE9}.Release|Any CPU.ActiveCfg = Release|Any CPU
		{B7F28970-3E66-457B-A735-F518EE423BE9}.Release|Any CPU.Build.0 = Release|Any CPU
		{2102C13F-1DE8-4E2D-9CAC-FB74BB4A6E88}.Debug|Any CPU.ActiveCfg = Debug|Any CPU
		{2102C13F-1DE8-4E2D-9CAC-FB74BB4A6E88}.Debug|Any CPU.Build.0 = Debug|Any CPU
		{2102C13F-1DE8-4E2D-9CAC-FB74BB4A6E88}.Release|Any CPU.ActiveCfg = Release|Any CPU
		{2102C13F-1DE8-4E2D-9CAC-FB74BB4A6E88}.Release|Any CPU.Build.0 = Release|Any CPU
		{4F49F09A-789A-4AEB-ACCE-D4040F9648C6}.Debug|Any CPU.ActiveCfg = Debug|Any CPU
		{4F49F09A-789A-4AEB-ACCE-D4040F9648C6}.Debug|Any CPU.Build.0 = Debug|Any CPU
		{4F49F09A-789A-4AEB-ACCE-D4040F9648C6}.Release|Any CPU.ActiveCfg = Release|Any CPU
		{4F49F09A-789A-4AEB-ACCE-D4040F9648C6}.Release|Any CPU.Build.0 = Release|Any CPU
		{868FF619-8EB8-4660-810F-C75ED1C8FC6F}.Debug|Any CPU.ActiveCfg = Debug|Any CPU
		{868FF619-8EB8-4660-810F-C75ED1C8FC6F}.Debug|Any CPU.Build.0 = Debug|Any CPU
		{868FF619-8EB8-4660-810F-C75ED1C8FC6F}.Release|Any CPU.ActiveCfg = Release|Any CPU
		{868FF619-8EB8-4660-810F-C75ED1C8FC6F}.Release|Any CPU.Build.0 = Release|Any CPU
	EndGlobalSection
	GlobalSection(SolutionProperties) = preSolution
		HideSolutionNode = FALSE
	EndGlobalSection
	GlobalSection(ExtensibilityGlobals) = postSolution
		SolutionGuid = {A6882129-3866-4AB6-9125-88F4248FCC9B}
	EndGlobalSection
EndGlobal
